// !$*UTF8*$!
{
	archiveVersion = 1;
	classes = {
	};
	objectVersion = 46;
	objects = {

/* Begin PBXBuildFile section */
		69406864194E11AA00FD0ED2 /* Cocoa.framework in Frameworks */ = {isa = PBXBuildFile; fileRef = 69406863194E11AA00FD0ED2 /* Cocoa.framework */; };
		6940686E194E11AA00FD0ED2 /* InfoPlist.strings in Resources */ = {isa = PBXBuildFile; fileRef = 6940686C194E11AA00FD0ED2 /* InfoPlist.strings */; };
		69406870194E11AA00FD0ED2 /* main.m in Sources */ = {isa = PBXBuildFile; fileRef = 6940686F194E11AA00FD0ED2 /* main.m */; };
		69406877194E11AA00FD0ED2 /* HDAppDelegate.m in Sources */ = {isa = PBXBuildFile; fileRef = 69406876194E11AA00FD0ED2 /* HDAppDelegate.m */; };
		69406883194E11AA00FD0ED2 /* XCTest.framework in Frameworks */ = {isa = PBXBuildFile; fileRef = 69406882194E11AA00FD0ED2 /* XCTest.framework */; };
		69406884194E11AA00FD0ED2 /* Cocoa.framework in Frameworks */ = {isa = PBXBuildFile; fileRef = 69406863194E11AA00FD0ED2 /* Cocoa.framework */; };
		69406898194E120D00FD0ED2 /* WebKit.framework in Frameworks */ = {isa = PBXBuildFile; fileRef = 69406897194E120D00FD0ED2 /* WebKit.framework */; };
		6940689A194E122100FD0ED2 /* JavaScriptCore.framework in Frameworks */ = {isa = PBXBuildFile; fileRef = 69406899194E122100FD0ED2 /* JavaScriptCore.framework */; };
		695B6DC2194E307300290A5A /* HDSplitView.m in Sources */ = {isa = PBXBuildFile; fileRef = 695B6DC1194E307300290A5A /* HDSplitView.m */; };
		695B6DC5194E40AC00290A5A /* HDWindow.m in Sources */ = {isa = PBXBuildFile; fileRef = 695B6DC4194E40AC00290A5A /* HDWindow.m */; };
		695B6DC8194E468300290A5A /* GCDAsyncSocket.m in Sources */ = {isa = PBXBuildFile; fileRef = 695B6DC7194E468300290A5A /* GCDAsyncSocket.m */; };
		695B6DCE194E702500290A5A /* Starter.icns in Resources */ = {isa = PBXBuildFile; fileRef = 695B6DCD194E702500290A5A /* Starter.icns */; };
/* End PBXBuildFile section */

/* Begin PBXContainerItemProxy section */
		69406885194E11AA00FD0ED2 /* PBXContainerItemProxy */ = {
			isa = PBXContainerItemProxy;
			containerPortal = 69406858194E11AA00FD0ED2 /* Project object */;
			proxyType = 1;
			remoteGlobalIDString = 6940685F194E11AA00FD0ED2;
			remoteInfo = "Hirune Display";
		};
/* End PBXContainerItemProxy section */

/* Begin PBXFileReference section */
		69406860194E11AA00FD0ED2 /* Hirune.app */ = {isa = PBXFileReference; explicitFileType = wrapper.application; includeInIndex = 0; path = Hirune.app; sourceTree = BUILT_PRODUCTS_DIR; };
		69406863194E11AA00FD0ED2 /* Cocoa.framework */ = {isa = PBXFileReference; lastKnownFileType = wrapper.framework; name = Cocoa.framework; path = System/Library/Frameworks/Cocoa.framework; sourceTree = SDKROOT; };
		69406866194E11AA00FD0ED2 /* AppKit.framework */ = {isa = PBXFileReference; lastKnownFileType = wrapper.framework; name = AppKit.framework; path = System/Library/Frameworks/AppKit.framework; sourceTree = SDKROOT; };
		69406867194E11AA00FD0ED2 /* CoreData.framework */ = {isa = PBXFileReference; lastKnownFileType = wrapper.framework; name = CoreData.framework; path = System/Library/Frameworks/CoreData.framework; sourceTree = SDKROOT; };
		69406868194E11AA00FD0ED2 /* Foundation.framework */ = {isa = PBXFileReference; lastKnownFileType = wrapper.framework; name = Foundation.framework; path = System/Library/Frameworks/Foundation.framework; sourceTree = SDKROOT; };
		6940686B194E11AA00FD0ED2 /* Hirune-Info.plist */ = {isa = PBXFileReference; lastKnownFileType = text.plist.xml; path = "Hirune-Info.plist"; sourceTree = "<group>"; };
		6940686D194E11AA00FD0ED2 /* en */ = {isa = PBXFileReference; lastKnownFileType = text.plist.strings; name = en; path = en.lproj/InfoPlist.strings; sourceTree = "<group>"; };
		6940686F194E11AA00FD0ED2 /* main.m */ = {isa = PBXFileReference; lastKnownFileType = sourcecode.c.objc; path = main.m; sourceTree = "<group>"; };
		69406871194E11AA00FD0ED2 /* Hirune-Prefix.pch */ = {isa = PBXFileReference; lastKnownFileType = sourcecode.c.h; path = "Hirune-Prefix.pch"; sourceTree = "<group>"; };
		69406875194E11AA00FD0ED2 /* HDAppDelegate.h */ = {isa = PBXFileReference; lastKnownFileType = sourcecode.c.h; path = HDAppDelegate.h; sourceTree = "<group>"; };
		69406876194E11AA00FD0ED2 /* HDAppDelegate.m */ = {isa = PBXFileReference; lastKnownFileType = sourcecode.c.objc; path = HDAppDelegate.m; sourceTree = "<group>"; };
		69406881194E11AA00FD0ED2 /* HiruneTests.xctest */ = {isa = PBXFileReference; explicitFileType = wrapper.cfbundle; includeInIndex = 0; path = HiruneTests.xctest; sourceTree = BUILT_PRODUCTS_DIR; };
		69406882194E11AA00FD0ED2 /* XCTest.framework */ = {isa = PBXFileReference; lastKnownFileType = wrapper.framework; name = XCTest.framework; path = Library/Frameworks/XCTest.framework; sourceTree = DEVELOPER_DIR; };
		69406897194E120D00FD0ED2 /* WebKit.framework */ = {isa = PBXFileReference; lastKnownFileType = wrapper.framework; name = WebKit.framework; path = System/Library/Frameworks/WebKit.framework; sourceTree = SDKROOT; };
		69406899194E122100FD0ED2 /* JavaScriptCore.framework */ = {isa = PBXFileReference; lastKnownFileType = wrapper.framework; name = JavaScriptCore.framework; path = System/Library/Frameworks/JavaScriptCore.framework; sourceTree = SDKROOT; };
		695B6DC0194E307300290A5A /* HDSplitView.h */ = {isa = PBXFileReference; fileEncoding = 4; lastKnownFileType = sourcecode.c.h; path = HDSplitView.h; sourceTree = "<group>"; };
		695B6DC1194E307300290A5A /* HDSplitView.m */ = {isa = PBXFileReference; fileEncoding = 4; lastKnownFileType = sourcecode.c.objc; path = HDSplitView.m; sourceTree = "<group>"; };
		695B6DC3194E40AC00290A5A /* HDWindow.h */ = {isa = PBXFileReference; fileEncoding = 4; lastKnownFileType = sourcecode.c.h; path = HDWindow.h; sourceTree = "<group>"; };
		695B6DC4194E40AC00290A5A /* HDWindow.m */ = {isa = PBXFileReference; fileEncoding = 4; lastKnownFileType = sourcecode.c.objc; path = HDWindow.m; sourceTree = "<group>"; };
		695B6DC6194E468300290A5A /* GCDAsyncSocket.h */ = {isa = PBXFileReference; fileEncoding = 4; lastKnownFileType = sourcecode.c.h; name = GCDAsyncSocket.h; path = ../../CocoaAsyncSocket/GCD/GCDAsyncSocket.h; sourceTree = "<group>"; };
		695B6DC7194E468300290A5A /* GCDAsyncSocket.m */ = {isa = PBXFileReference; fileEncoding = 4; lastKnownFileType = sourcecode.c.objc; name = GCDAsyncSocket.m; path = ../../CocoaAsyncSocket/GCD/GCDAsyncSocket.m; sourceTree = "<group>"; };
		695B6DCD194E702500290A5A /* Starter.icns */ = {isa = PBXFileReference; lastKnownFileType = image.icns; path = Starter.icns; sourceTree = "<group>"; };
/* End PBXFileReference section */

/* Begin PBXFrameworksBuildPhase section */
		6940685D194E11AA00FD0ED2 /* Frameworks */ = {
			isa = PBXFrameworksBuildPhase;
			buildActionMask = 2147483647;
			files = (
				6940689A194E122100FD0ED2 /* JavaScriptCore.framework in Frameworks */,
				69406898194E120D00FD0ED2 /* WebKit.framework in Frameworks */,
				69406864194E11AA00FD0ED2 /* Cocoa.framework in Frameworks */,
			);
			runOnlyForDeploymentPostprocessing = 0;
		};
		6940687E194E11AA00FD0ED2 /* Frameworks */ = {
			isa = PBXFrameworksBuildPhase;
			buildActionMask = 2147483647;
			files = (
				69406884194E11AA00FD0ED2 /* Cocoa.framework in Frameworks */,
				69406883194E11AA00FD0ED2 /* XCTest.framework in Frameworks */,
			);
			runOnlyForDeploymentPostprocessing = 0;
		};
/* End PBXFrameworksBuildPhase section */

/* Begin PBXGroup section */
		69406857194E11AA00FD0ED2 = {
			isa = PBXGroup;
			children = (
				695B6DCD194E702500290A5A /* Starter.icns */,
				69406869194E11AA00FD0ED2 /* Hirune */,
				69406862194E11AA00FD0ED2 /* Frameworks */,
				69406861194E11AA00FD0ED2 /* Products */,
			);
			sourceTree = "<group>";
		};
		69406861194E11AA00FD0ED2 /* Products */ = {
			isa = PBXGroup;
			children = (
				69406860194E11AA00FD0ED2 /* Hirune.app */,
				69406881194E11AA00FD0ED2 /* HiruneTests.xctest */,
			);
			name = Products;
			sourceTree = "<group>";
		};
		69406862194E11AA00FD0ED2 /* Frameworks */ = {
			isa = PBXGroup;
			children = (
				69406899194E122100FD0ED2 /* JavaScriptCore.framework */,
				69406897194E120D00FD0ED2 /* WebKit.framework */,
				69406863194E11AA00FD0ED2 /* Cocoa.framework */,
				69406882194E11AA00FD0ED2 /* XCTest.framework */,
				69406865194E11AA00FD0ED2 /* Other Frameworks */,
			);
			name = Frameworks;
			sourceTree = "<group>";
		};
		69406865194E11AA00FD0ED2 /* Other Frameworks */ = {
			isa = PBXGroup;
			children = (
				69406866194E11AA00FD0ED2 /* AppKit.framework */,
				69406867194E11AA00FD0ED2 /* CoreData.framework */,
				69406868194E11AA00FD0ED2 /* Foundation.framework */,
			);
			name = "Other Frameworks";
			sourceTree = "<group>";
		};
		69406869194E11AA00FD0ED2 /* Hirune */ = {
			isa = PBXGroup;
			children = (
				69406875194E11AA00FD0ED2 /* HDAppDelegate.h */,
				69406876194E11AA00FD0ED2 /* HDAppDelegate.m */,
				695B6DC6194E468300290A5A /* GCDAsyncSocket.h */,
				695B6DC7194E468300290A5A /* GCDAsyncSocket.m */,
				6940686A194E11AA00FD0ED2 /* Supporting Files */,
				695B6DC0194E307300290A5A /* HDSplitView.h */,
				695B6DC1194E307300290A5A /* HDSplitView.m */,
				695B6DC3194E40AC00290A5A /* HDWindow.h */,
				695B6DC4194E40AC00290A5A /* HDWindow.m */,
			);
			name = Hirune;
			path = "Hirune Display";
			sourceTree = "<group>";
		};
		6940686A194E11AA00FD0ED2 /* Supporting Files */ = {
			isa = PBXGroup;
			children = (
				6940686B194E11AA00FD0ED2 /* Hirune-Info.plist */,
				6940686C194E11AA00FD0ED2 /* InfoPlist.strings */,
				6940686F194E11AA00FD0ED2 /* main.m */,
				69406871194E11AA00FD0ED2 /* Hirune-Prefix.pch */,
			);
			name = "Supporting Files";
			sourceTree = "<group>";
		};
/* End PBXGroup section */

/* Begin PBXNativeTarget section */
		6940685F194E11AA00FD0ED2 /* Hirune */ = {
			isa = PBXNativeTarget;
			buildConfigurationList = 69406891194E11AA00FD0ED2 /* Build configuration list for PBXNativeTarget "Hirune" */;
			buildPhases = (
				6940685C194E11AA00FD0ED2 /* Sources */,
				6940685D194E11AA00FD0ED2 /* Frameworks */,
				6940685E194E11AA00FD0ED2 /* Resources */,
			);
			buildRules = (
			);
			dependencies = (
			);
			name = Hirune;
			productName = "Hirune Display";
			productReference = 69406860194E11AA00FD0ED2 /* Hirune.app */;
			productType = "com.apple.product-type.application";
		};
		69406880194E11AA00FD0ED2 /* HiruneTests */ = {
			isa = PBXNativeTarget;
			buildConfigurationList = 69406894194E11AA00FD0ED2 /* Build configuration list for PBXNativeTarget "HiruneTests" */;
			buildPhases = (
				6940687D194E11AA00FD0ED2 /* Sources */,
				6940687E194E11AA00FD0ED2 /* Frameworks */,
				6940687F194E11AA00FD0ED2 /* Resources */,
			);
			buildRules = (
			);
			dependencies = (
				69406886194E11AA00FD0ED2 /* PBXTargetDependency */,
			);
			name = HiruneTests;
			productName = "Hirune DisplayTests";
			productReference = 69406881194E11AA00FD0ED2 /* HiruneTests.xctest */;
			productType = "com.apple.product-type.bundle.unit-test";
		};
/* End PBXNativeTarget section */

/* Begin PBXProject section */
		69406858194E11AA00FD0ED2 /* Project object */ = {
			isa = PBXProject;
			attributes = {
				CLASSPREFIX = HD;
				LastUpgradeCheck = 0510;
				ORGANIZATIONNAME = "Jay McCarthy";
				TargetAttributes = {
					69406880194E11AA00FD0ED2 = {
						TestTargetID = 6940685F194E11AA00FD0ED2;
					};
				};
			};
			buildConfigurationList = 6940685B194E11AA00FD0ED2 /* Build configuration list for PBXProject "Hirune" */;
			compatibilityVersion = "Xcode 3.2";
			developmentRegion = English;
			hasScannedForEncodings = 0;
			knownRegions = (
				en,
				Base,
			);
			mainGroup = 69406857194E11AA00FD0ED2;
			productRefGroup = 69406861194E11AA00FD0ED2 /* Products */;
			projectDirPath = "";
			projectRoot = "";
			targets = (
				6940685F194E11AA00FD0ED2 /* Hirune */,
				69406880194E11AA00FD0ED2 /* HiruneTests */,
			);
		};
/* End PBXProject section */

/* Begin PBXResourcesBuildPhase section */
		6940685E194E11AA00FD0ED2 /* Resources */ = {
			isa = PBXResourcesBuildPhase;
			buildActionMask = 2147483647;
			files = (
				695B6DCE194E702500290A5A /* Starter.icns in Resources */,
				6940686E194E11AA00FD0ED2 /* InfoPlist.strings in Resources */,
			);
			runOnlyForDeploymentPostprocessing = 0;
		};
		6940687F194E11AA00FD0ED2 /* Resources */ = {
			isa = PBXResourcesBuildPhase;
			buildActionMask = 2147483647;
			files = (
			);
			runOnlyForDeploymentPostprocessing = 0;
		};
/* End PBXResourcesBuildPhase section */

/* Begin PBXSourcesBuildPhase section */
		6940685C194E11AA00FD0ED2 /* Sources */ = {
			isa = PBXSourcesBuildPhase;
			buildActionMask = 2147483647;
			files = (
				69406877194E11AA00FD0ED2 /* HDAppDelegate.m in Sources */,
				695B6DC8194E468300290A5A /* GCDAsyncSocket.m in Sources */,
				695B6DC5194E40AC00290A5A /* HDWindow.m in Sources */,
				695B6DC2194E307300290A5A /* HDSplitView.m in Sources */,
				69406870194E11AA00FD0ED2 /* main.m in Sources */,
			);
			runOnlyForDeploymentPostprocessing = 0;
		};
		6940687D194E11AA00FD0ED2 /* Sources */ = {
			isa = PBXSourcesBuildPhase;
			buildActionMask = 2147483647;
			files = (
			);
			runOnlyForDeploymentPostprocessing = 0;
		};
/* End PBXSourcesBuildPhase section */

/* Begin PBXTargetDependency section */
		69406886194E11AA00FD0ED2 /* PBXTargetDependency */ = {
			isa = PBXTargetDependency;
			target = 6940685F194E11AA00FD0ED2 /* Hirune */;
			targetProxy = 69406885194E11AA00FD0ED2 /* PBXContainerItemProxy */;
		};
/* End PBXTargetDependency section */

/* Begin PBXVariantGroup section */
		6940686C194E11AA00FD0ED2 /* InfoPlist.strings */ = {
			isa = PBXVariantGroup;
			children = (
				6940686D194E11AA00FD0ED2 /* en */,
			);
			name = InfoPlist.strings;
			sourceTree = "<group>";
		};
/* End PBXVariantGroup section */

/* Begin XCBuildConfiguration section */
		6940688F194E11AA00FD0ED2 /* Debug */ = {
			isa = XCBuildConfiguration;
			buildSettings = {
				ALWAYS_SEARCH_USER_PATHS = NO;
				CLANG_CXX_LANGUAGE_STANDARD = "gnu++0x";
				CLANG_CXX_LIBRARY = "libc++";
				CLANG_ENABLE_MODULES = YES;
				CLANG_ENABLE_OBJC_ARC = YES;
				CLANG_WARN_BOOL_CONVERSION = YES;
				CLANG_WARN_CONSTANT_CONVERSION = YES;
				CLANG_WARN_DIRECT_OBJC_ISA_USAGE = YES_ERROR;
				CLANG_WARN_EMPTY_BODY = YES;
				CLANG_WARN_ENUM_CONVERSION = YES;
				CLANG_WARN_INT_CONVERSION = YES;
				CLANG_WARN_OBJC_ROOT_CLASS = YES_ERROR;
				CLANG_WARN__DUPLICATE_METHOD_MATCH = YES;
				COPY_PHASE_STRIP = NO;
				GCC_C_LANGUAGE_STANDARD = gnu99;
				GCC_DYNAMIC_NO_PIC = NO;
				GCC_ENABLE_OBJC_EXCEPTIONS = YES;
				GCC_OPTIMIZATION_LEVEL = 0;
				GCC_PREPROCESSOR_DEFINITIONS = (
					"DEBUG=1",
					"$(inherited)",
				);
				GCC_SYMBOLS_PRIVATE_EXTERN = NO;
				GCC_WARN_64_TO_32_BIT_CONVERSION = YES;
				GCC_WARN_ABOUT_RETURN_TYPE = YES_ERROR;
				GCC_WARN_UNDECLARED_SELECTOR = YES;
				GCC_WARN_UNINITIALIZED_AUTOS = YES_AGGRESSIVE;
				GCC_WARN_UNUSED_FUNCTION = YES;
				GCC_WARN_UNUSED_VARIABLE = YES;
				MACOSX_DEPLOYMENT_TARGET = 10.9;
				ONLY_ACTIVE_ARCH = YES;
				SDKROOT = macosx;
			};
			name = Debug;
		};
		69406890194E11AA00FD0ED2 /* Release */ = {
			isa = XCBuildConfiguration;
			buildSettings = {
				ALWAYS_SEARCH_USER_PATHS = NO;
				CLANG_CXX_LANGUAGE_STANDARD = "gnu++0x";
				CLANG_CXX_LIBRARY = "libc++";
				CLANG_ENABLE_MODULES = YES;
				CLANG_ENABLE_OBJC_ARC = YES;
				CLANG_WARN_BOOL_CONVERSION = YES;
				CLANG_WARN_CONSTANT_CONVERSION = YES;
				CLANG_WARN_DIRECT_OBJC_ISA_USAGE = YES_ERROR;
				CLANG_WARN_EMPTY_BODY = YES;
				CLANG_WARN_ENUM_CONVERSION = YES;
				CLANG_WARN_INT_CONVERSION = YES;
				CLANG_WARN_OBJC_ROOT_CLASS = YES_ERROR;
				CLANG_WARN__DUPLICATE_METHOD_MATCH = YES;
				COPY_PHASE_STRIP = YES;
				DEBUG_INFORMATION_FORMAT = "dwarf-with-dsym";
				ENABLE_NS_ASSERTIONS = NO;
				GCC_C_LANGUAGE_STANDARD = gnu99;
				GCC_ENABLE_OBJC_EXCEPTIONS = YES;
				GCC_WARN_64_TO_32_BIT_CONVERSION = YES;
				GCC_WARN_ABOUT_RETURN_TYPE = YES_ERROR;
				GCC_WARN_UNDECLARED_SELECTOR = YES;
				GCC_WARN_UNINITIALIZED_AUTOS = YES_AGGRESSIVE;
				GCC_WARN_UNUSED_FUNCTION = YES;
				GCC_WARN_UNUSED_VARIABLE = YES;
				MACOSX_DEPLOYMENT_TARGET = 10.9;
				SDKROOT = macosx;
			};
			name = Release;
		};
		69406892194E11AA00FD0ED2 /* Debug */ = {
			isa = XCBuildConfiguration;
			buildSettings = {
				COMBINE_HIDPI_IMAGES = YES;
				GCC_PRECOMPILE_PREFIX_HEADER = YES;
				GCC_PREFIX_HEADER = "Hirune Display/Hirune-Prefix.pch";
				INFOPLIST_FILE = "Hirune Display/Hirune-Info.plist";
				PRODUCT_NAME = Hirune;
				WRAPPER_EXTENSION = app;
			};
			name = Debug;
		};
		69406893194E11AA00FD0ED2 /* Release */ = {
			isa = XCBuildConfiguration;
			buildSettings = {
				COMBINE_HIDPI_IMAGES = YES;
				GCC_PRECOMPILE_PREFIX_HEADER = YES;
				GCC_PREFIX_HEADER = "Hirune Display/Hirune-Prefix.pch";
				INFOPLIST_FILE = "Hirune Display/Hirune-Info.plist";
				PRODUCT_NAME = Hirune;
				WRAPPER_EXTENSION = app;
			};
			name = Release;
		};
		69406895194E11AA00FD0ED2 /* Debug */ = {
			isa = XCBuildConfiguration;
			buildSettings = {
				BUNDLE_LOADER = "$(BUILT_PRODUCTS_DIR)/Hirune Display.app/Contents/MacOS/Hirune Display";
				COMBINE_HIDPI_IMAGES = YES;
				FRAMEWORK_SEARCH_PATHS = (
					"$(DEVELOPER_FRAMEWORKS_DIR)",
					"$(inherited)",
				);
				GCC_PRECOMPILE_PREFIX_HEADER = YES;
				GCC_PREFIX_HEADER = "Hirune Display/Hirune Display-Prefix.pch";
				GCC_PREPROCESSOR_DEFINITIONS = (
					"DEBUG=1",
					"$(inherited)",
				);
				INFOPLIST_FILE = "Hirune DisplayTests/Hirune DisplayTests-Info.plist";
				PRODUCT_NAME = HiruneTests;
				TEST_HOST = "$(BUNDLE_LOADER)";
				WRAPPER_EXTENSION = xctest;
			};
			name = Debug;
		};
		69406896194E11AA00FD0ED2 /* Release */ = {
			isa = XCBuildConfiguration;
			buildSettings = {
				BUNDLE_LOADER = "$(BUILT_PRODUCTS_DIR)/Hirune Display.app/Contents/MacOS/Hirune Display";
				COMBINE_HIDPI_IMAGES = YES;
				FRAMEWORK_SEARCH_PATHS = (
					"$(DEVELOPER_FRAMEWORKS_DIR)",
					"$(inherited)",
				);
				GCC_PRECOMPILE_PREFIX_HEADER = YES;
				GCC_PREFIX_HEADER = "Hirune Display/Hirune Display-Prefix.pch";
				INFOPLIST_FILE = "Hirune DisplayTests/Hirune DisplayTests-Info.plist";
				PRODUCT_NAME = HiruneTests;
				TEST_HOST = "$(BUNDLE_LOADER)";
				WRAPPER_EXTENSION = xctest;
			};
			name = Release;
		};
/* End XCBuildConfiguration section */

/* Begin XCConfigurationList section */
		6940685B194E11AA00FD0ED2 /* Build configuration list for PBXProject "Hirune" */ = {
			isa = XCConfigurationList;
			buildConfigurations = (
				6940688F194E11AA00FD0ED2 /* Debug */,
				69406890194E11AA00FD0ED2 /* Release */,
			);
			defaultConfigurationIsVisible = 0;
			defaultConfigurationName = Release;
		};
		69406891194E11AA00FD0ED2 /* Build configuration list for PBXNativeTarget "Hirune" */ = {
			isa = XCConfigurationList;
			buildConfigurations = (
				69406892194E11AA00FD0ED2 /* Debug */,
				69406893194E11AA00FD0ED2 /* Release */,
			);
			defaultConfigurationIsVisible = 0;
			defaultConfigurationName = Release;
		};
		69406894194E11AA00FD0ED2 /* Build configuration list for PBXNativeTarget "HiruneTests" */ = {
			isa = XCConfigurationList;
			buildConfigurations = (
				69406895194E11AA00FD0ED2 /* Debug */,
				69406896194E11AA00FD0ED2 /* Release */,
			);
			defaultConfigurationIsVisible = 0;
			defaultConfigurationName = Release;
		};
/* End XCConfigurationList section */
	};
	rootObject = 69406858194E11AA00FD0ED2 /* Project object */;
}
